
Microsoft Visual Studio Solution File, Format Version 12.00
# Visual Studio Version 16
VisualStudioVersion = 16.0.30517.126
MinimumVisualStudioVersion = 10.0.40219.1
Project("{FAE04EC0-301F-11D3-BF4B-00C04F79EFBC}") = "eMailSender_v1.2", "eMailSender_v1.2\eMailSender_v1.2.csproj", "{17673869-CDF1-4627-ABE4-045749F9BE40}"
EndProject
Global
	GlobalSection(SolutionConfigurationPlatforms) = preSolution
		Debug|Any CPU = Debug|Any CPU
		Release|Any CPU = Release|Any CPU
	EndGlobalSection
	GlobalSection(ProjectConfigurationPlatforms) = postSolution
		{17673869-CDF1-4627-ABE4-045749F9BE40}.Debug|Any CPU.ActiveCfg = Debug|Any CPU
		{17673869-CDF1-4627-ABE4-045749F9BE40}.Debug|Any CPU.Build.0 = Debug|Any CPU
		{17673869-CDF1-4627-ABE4-045749F9BE40}.Release|Any CPU.ActiveCfg = Release|Any CPU
		{17673869-CDF1-4627-ABE4-045749F9BE40}.Release|Any CPU.Build.0 = Release|Any CPU
	EndGlobalSection
	GlobalSection(SolutionProperties) = preSolution
		HideSolutionNode = FALSE
	EndGlobalSection
	GlobalSection(ExtensibilityGlobals) = postSolution
		SolutionGuid = {E93E59D1-018F-4B05-AD8D-7C576131693E}
	EndGlobalSection
EndGlobal
